
Microsoft Visual Studio Solution File, Format Version 12.00
# Visual Studio 14
VisualStudioVersion = 14.0.25420.1
MinimumVisualStudioVersion = 10.0.40219.1
Project("{FAE04EC0-301F-11D3-BF4B-00C04F79EFBC}") = "WinFolderList", "WinFolderList\WinFolderList.csproj", "{3245CCD0-5448-4735-9149-E1DB688AD796}"
EndProject
Project("{FAE04EC0-301F-11D3-BF4B-00C04F79EFBC}") = "WinFolderListTests", "WinFolderListTests\WinFolderListTests.csproj", "{273D4BC0-F66D-4646-8F3D-395201B7F30B}"
EndProject
Global
	GlobalSection(SolutionConfigurationPlatforms) = preSolution
		Debug|Any CPU = Debug|Any CPU
		Release|Any CPU = Release|Any CPU
	EndGlobalSection
	GlobalSection(ProjectConfigurationPlatforms) = postSolution
		{3245CCD0-5448-4735-9149-E1DB688AD796}.Debug|Any CPU.ActiveCfg = Debug|Any CPU
		{3245CCD0-5448-4735-9149-E1DB688AD796}.Debug|Any CPU.Build.0 = Debug|Any CPU
		{3245CCD0-5448-4735-9149-E1DB688AD796}.Release|Any CPU.ActiveCfg = Release|Any CPU
		{3245CCD0-5448-4735-9149-E1DB688AD796}.Release|Any CPU.Build.0 = Release|Any CPU
		{273D4BC0-F66D-4646-8F3D-395201B7F30B}.Debug|Any CPU.ActiveCfg = Debug|Any CPU
		{273D4BC0-F66D-4646-8F3D-395201B7F30B}.Debug|Any CPU.Build.0 = Debug|Any CPU
		{273D4BC0-F66D-4646-8F3D-395201B7F30B}.Release|Any CPU.ActiveCfg = Release|Any CPU
		{273D4BC0-F66D-4646-8F3D-395201B7F30B}.Release|Any CPU.Build.0 = Release|Any CPU
	EndGlobalSection
	GlobalSection(SolutionProperties) = preSolution
		HideSolutionNode = FALSE
	EndGlobalSection
EndGlobal
